
Microsoft Visual Studio Solution File, Format Version 12.00
# Visual Studio Version 17
VisualStudioVersion = 17.1.32414.318
MinimumVisualStudioVersion = 10.0.40219.1
Project("{9A19103F-16F7-4668-BE54-9A1E7A4F7556}") = "FirstLessonProgramming", "FirstLessonProgramming\FirstLessonProgramming.csproj", "{5E480866-9C04-4B37-967D-FD1BAC58B27F}"
EndProject
Project("{9A19103F-16F7-4668-BE54-9A1E7A4F7556}") = "SecondLessonProgramming", "SecondLessonProgramming\SecondLessonProgramming.csproj", "{31128209-4011-4B14-8CA7-4E5D9BFDDCC0}"
EndProject
Project("{9A19103F-16F7-4668-BE54-9A1E7A4F7556}") = "ThirdLessonProgramming", "ThirdLessonProgramming\ThirdLessonProgramming.csproj", "{883E88F9-FD9F-486B-93F6-E932CDF966C9}"
EndProject
Project("{9A19103F-16F7-4668-BE54-9A1E7A4F7556}") = "FourthLessonProgramming", "FourthLessonProgramming\FourthLessonProgramming.csproj", "{B2948C5D-1121-49EE-A9E8-0CCA1919A77D}"
EndProject
Project("{FAE04EC0-301F-11D3-BF4B-00C04F79EFBC}") = "FivesLessonProgramming", "FifesLessonProgramming\FivesLessonProgramming.csproj", "{AA5E61ED-6974-4E1A-A7B8-591D657FE437}"
EndProject
Project("{FAE04EC0-301F-11D3-BF4B-00C04F79EFBC}") = "SixthLessonProgramming", "SixthLessonProgramming\SixthLessonProgramming.csproj", "{B6018A04-5D61-4F96-BDD9-0CAF7B55AC7C}"
EndProject
Global
	GlobalSection(SolutionConfigurationPlatforms) = preSolution
		Debug|Any CPU = Debug|Any CPU
		Release|Any CPU = Release|Any CPU
	EndGlobalSection
	GlobalSection(ProjectConfigurationPlatforms) = postSolution
		{5E480866-9C04-4B37-967D-FD1BAC58B27F}.Debug|Any CPU.ActiveCfg = Debug|Any CPU
		{5E480866-9C04-4B37-967D-FD1BAC58B27F}.Debug|Any CPU.Build.0 = Debug|Any CPU
		{5E480866-9C04-4B37-967D-FD1BAC58B27F}.Release|Any CPU.ActiveCfg = Release|Any CPU
		{5E480866-9C04-4B37-967D-FD1BAC58B27F}.Release|Any CPU.Build.0 = Release|Any CPU
		{31128209-4011-4B14-8CA7-4E5D9BFDDCC0}.Debug|Any CPU.ActiveCfg = Debug|Any CPU
		{31128209-4011-4B14-8CA7-4E5D9BFDDCC0}.Debug|Any CPU.Build.0 = Debug|Any CPU
		{31128209-4011-4B14-8CA7-4E5D9BFDDCC0}.Release|Any CPU.ActiveCfg = Release|Any CPU
		{31128209-4011-4B14-8CA7-4E5D9BFDDCC0}.Release|Any CPU.Build.0 = Release|Any CPU
		{883E88F9-FD9F-486B-93F6-E932CDF966C9}.Debug|Any CPU.ActiveCfg = Debug|Any CPU
		{883E88F9-FD9F-486B-93F6-E932CDF966C9}.Debug|Any CPU.Build.0 = Debug|Any CPU
		{883E88F9-FD9F-486B-93F6-E932CDF966C9}.Release|Any CPU.ActiveCfg = Release|Any CPU
		{883E88F9-FD9F-486B-93F6-E932CDF966C9}.Release|Any CPU.Build.0 = Release|Any CPU
		{B2948C5D-1121-49EE-A9E8-0CCA1919A77D}.Debug|Any CPU.ActiveCfg = Debug|Any CPU
		{B2948C5D-1121-49EE-A9E8-0CCA1919A77D}.Debug|Any CPU.Build.0 = Debug|Any CPU
		{B2948C5D-1121-49EE-A9E8-0CCA1919A77D}.Release|Any CPU.ActiveCfg = Release|Any CPU
		{B2948C5D-1121-49EE-A9E8-0CCA1919A77D}.Release|Any CPU.Build.0 = Release|Any CPU
		{AA5E61ED-6974-4E1A-A7B8-591D657FE437}.Debug|Any CPU.ActiveCfg = Debug|Any CPU
		{AA5E61ED-6974-4E1A-A7B8-591D657FE437}.Debug|Any CPU.Build.0 = Debug|Any CPU
		{AA5E61ED-6974-4E1A-A7B8-591D657FE437}.Release|Any CPU.ActiveCfg = Release|Any CPU
		{AA5E61ED-6974-4E1A-A7B8-591D657FE437}.Release|Any CPU.Build.0 = Release|Any CPU
		{B6018A04-5D61-4F96-BDD9-0CAF7B55AC7C}.Debug|Any CPU.ActiveCfg = Debug|Any CPU
		{B6018A04-5D61-4F96-BDD9-0CAF7B55AC7C}.Debug|Any CPU.Build.0 = Debug|Any CPU
		{B6018A04-5D61-4F96-BDD9-0CAF7B55AC7C}.Release|Any CPU.ActiveCfg = Release|Any CPU
		{B6018A04-5D61-4F96-BDD9-0CAF7B55AC7C}.Release|Any CPU.Build.0 = Release|Any CPU
	EndGlobalSection
	GlobalSection(SolutionProperties) = preSolution
		HideSolutionNode = FALSE
	EndGlobalSection
	GlobalSection(ExtensibilityGlobals) = postSolution
		SolutionGuid = {B7CE112E-3286-4866-9048-616A04253775}
	EndGlobalSection
EndGlobal
